// !$*UTF8*$!
{
	archiveVersion = 1;
	classes = {
	};
	objectVersion = 50;
	objects = {

/* Begin PBXBuildFile section */
		D2403A29240DD96D0074DD8B /* iia-cubit-autotest.cpp in Sources */ = {isa = PBXBuildFile; fileRef = D2403A28240DD96D0074DD8B /* iia-cubit-autotest.cpp */; };
		D243C80C23EB92B700F3C7BF /* IA.cpp in Sources */ = {isa = PBXBuildFile; fileRef = D243C80623EB92B700F3C7BF /* IA.cpp */; };
		D243C80D23EB92B700F3C7BF /* IncrementalIntervalAssignment.cpp in Sources */ = {isa = PBXBuildFile; fileRef = D243C80823EB92B700F3C7BF /* IncrementalIntervalAssignment.cpp */; };
		D243C81623EE465200F3C7BF /* CpuTimer.cpp in Sources */ = {isa = PBXBuildFile; fileRef = D243C81523EE465200F3C7BF /* CpuTimer.cpp */; };
		D243C81923EE47F000F3C7BF /* IAResultImplementation.cpp in Sources */ = {isa = PBXBuildFile; fileRef = D243C81723EE47EF00F3C7BF /* IAResultImplementation.cpp */; };
		D243C81B23F5FEB700F3C7BF /* test.cpp in Sources */ = {isa = PBXBuildFile; fileRef = D243C81A23F5FEB600F3C7BF /* test.cpp */; };
		D2B6599123FCEA29009EBEAE /* IAQueue.cpp in Sources */ = {isa = PBXBuildFile; fileRef = D2B6599023FCEA29009EBEAE /* IAQueue.cpp */; };
/* End PBXBuildFile section */

/* Begin PBXCopyFilesBuildPhase section */
		D243C7F923EB929800F3C7BF /* CopyFiles */ = {
			isa = PBXCopyFilesBuildPhase;
			buildActionMask = 2147483647;
			dstPath = /usr/share/man/man1/;
			dstSubfolderSpec = 0;
			files = (
			);
			runOnlyForDeploymentPostprocessing = 1;
		};
/* End PBXCopyFilesBuildPhase section */

/* Begin PBXFileReference section */
		D2403A28240DD96D0074DD8B /* iia-cubit-autotest.cpp */ = {isa = PBXFileReference; fileEncoding = 4; lastKnownFileType = sourcecode.cpp.cpp; name = "iia-cubit-autotest.cpp"; path = "../../Source/iia-cubit-autotest.cpp"; sourceTree = "<group>"; };
		D243C7FB23EB929800F3C7BF /* IntervalAssignment-xcode */ = {isa = PBXFileReference; explicitFileType = "compiled.mach-o.executable"; includeInIndex = 0; path = "IntervalAssignment-xcode"; sourceTree = BUILT_PRODUCTS_DIR; };
		D243C80623EB92B700F3C7BF /* IA.cpp */ = {isa = PBXFileReference; fileEncoding = 4; lastKnownFileType = sourcecode.cpp.cpp; name = IA.cpp; path = ../../Source/IA.cpp; sourceTree = "<group>"; };
		D243C80723EB92B700F3C7BF /* IA.h */ = {isa = PBXFileReference; fileEncoding = 4; lastKnownFileType = sourcecode.c.h; name = IA.h; path = ../../Source/IA.h; sourceTree = "<group>"; };
		D243C80823EB92B700F3C7BF /* IncrementalIntervalAssignment.cpp */ = {isa = PBXFileReference; fileEncoding = 4; lastKnownFileType = sourcecode.cpp.cpp; name = IncrementalIntervalAssignment.cpp; path = ../../Source/IncrementalIntervalAssignment.cpp; sourceTree = "<group>"; };
		D243C80B23EB92B700F3C7BF /* IncrementalIntervalAssignment.h */ = {isa = PBXFileReference; fileEncoding = 4; lastKnownFileType = sourcecode.c.h; name = IncrementalIntervalAssignment.h; path = ../../Source/IncrementalIntervalAssignment.h; sourceTree = "<group>"; };
		D243C80F23ECB6E900F3C7BF /* IAInline.h */ = {isa = PBXFileReference; fileEncoding = 4; lastKnownFileType = sourcecode.c.h; name = IAInline.h; path = ../../Source/IAInline.h; sourceTree = "<group>"; };
		D243C81023ECB6FA00F3C7BF /* IAEnums.h */ = {isa = PBXFileReference; fileEncoding = 4; lastKnownFileType = sourcecode.c.h; name = IAEnums.h; path = ../../Source/IAEnums.h; sourceTree = "<group>"; };
		D243C81123ECEA9F00F3C7BF /* IAResult.h */ = {isa = PBXFileReference; fileEncoding = 4; lastKnownFileType = sourcecode.c.h; name = IAResult.h; path = ../../Source/IAResult.h; sourceTree = "<group>"; };
		D243C81423EE465200F3C7BF /* CpuTimer.h */ = {isa = PBXFileReference; fileEncoding = 4; lastKnownFileType = sourcecode.c.h; name = CpuTimer.h; path = ../../Source/CpuTimer.h; sourceTree = "<group>"; };
		D243C81523EE465200F3C7BF /* CpuTimer.cpp */ = {isa = PBXFileReference; fileEncoding = 4; lastKnownFileType = sourcecode.cpp.cpp; name = CpuTimer.cpp; path = ../../Source/CpuTimer.cpp; sourceTree = "<group>"; };
		D243C81723EE47EF00F3C7BF /* IAResultImplementation.cpp */ = {isa = PBXFileReference; fileEncoding = 4; lastKnownFileType = sourcecode.cpp.cpp; name = IAResultImplementation.cpp; path = ../../Source/IAResultImplementation.cpp; sourceTree = "<group>"; };
		D243C81823EE47EF00F3C7BF /* IAResultImplementation.h */ = {isa = PBXFileReference; fileEncoding = 4; lastKnownFileType = sourcecode.c.h; name = IAResultImplementation.h; path = ../../Source/IAResultImplementation.h; sourceTree = "<group>"; };
		D243C81A23F5FEB600F3C7BF /* test.cpp */ = {isa = PBXFileReference; fileEncoding = 4; lastKnownFileType = sourcecode.cpp.cpp; name = test.cpp; path = ../../Source/test.cpp; sourceTree = "<group>"; };
		D2B6598F23FCE916009EBEAE /* IAQueue.h */ = {isa = PBXFileReference; fileEncoding = 4; lastKnownFileType = sourcecode.c.h; name = IAQueue.h; path = ../../Source/IAQueue.h; sourceTree = "<group>"; };
		D2B6599023FCEA29009EBEAE /* IAQueue.cpp */ = {isa = PBXFileReference; fileEncoding = 4; lastKnownFileType = sourcecode.cpp.cpp; name = IAQueue.cpp; path = ../../Source/IAQueue.cpp; sourceTree = "<group>"; };
/* End PBXFileReference section */

/* Begin PBXFrameworksBuildPhase section */
		D243C7F823EB929800F3C7BF /* Frameworks */ = {
			isa = PBXFrameworksBuildPhase;
			buildActionMask = 2147483647;
			files = (
			);
			runOnlyForDeploymentPostprocessing = 0;
		};
/* End PBXFrameworksBuildPhase section */

/* Begin PBXGroup section */
		D243C7F223EB929800F3C7BF = {
			isa = PBXGroup;
			children = (
				D243C7FD23EB929800F3C7BF /* IntervalAssignment-xcode */,
				D243C7FC23EB929800F3C7BF /* Products */,
			);
			sourceTree = "<group>";
		};
		D243C7FC23EB929800F3C7BF /* Products */ = {
			isa = PBXGroup;
			children = (
				D243C7FB23EB929800F3C7BF /* .. */,
			);
			name = Products;
			sourceTree = "<group>";
		};
		D243C7FD23EB929800F3C7BF /* IntervalAssignment-xcode */ = {
			isa = PBXGroup;
			children = (
				D2B6599023FCEA29009EBEAE /* IAQueue.cpp */,
				D2B6598F23FCE916009EBEAE /* IAQueue.h */,
				D243C81723EE47EF00F3C7BF /* IAResultImplementation.cpp */,
				D243C81823EE47EF00F3C7BF /* IAResultImplementation.h */,
				D243C81523EE465200F3C7BF /* CpuTimer.cpp */,
				D243C81423EE465200F3C7BF /* CpuTimer.h */,
				D243C81123ECEA9F00F3C7BF /* IAResult.h */,
				D243C81023ECB6FA00F3C7BF /* IAEnums.h */,
				D243C80F23ECB6E900F3C7BF /* IAInline.h */,
				D243C80623EB92B700F3C7BF /* IA.cpp */,
				D243C80723EB92B700F3C7BF /* IA.h */,
				D243C80823EB92B700F3C7BF /* IncrementalIntervalAssignment.cpp */,
				D243C80B23EB92B700F3C7BF /* IncrementalIntervalAssignment.h */,
				D2403A28240DD96D0074DD8B /* iia-cubit-autotest.cpp */,
				D243C81A23F5FEB600F3C7BF /* test.cpp */,
			);
			path = "IntervalAssignment-xcode";
			sourceTree = "<group>";
		};
/* End PBXGroup section */

/* Begin PBXNativeTarget section */
		D243C7FA23EB929800F3C7BF /* IntervalAssignment-xcode */ = {
			isa = PBXNativeTarget;
			buildConfigurationList = D243C80223EB929800F3C7BF /* Build configuration list for PBXNativeTarget "IntervalAssignment-xcode" */;
			buildPhases = (
				D243C7F723EB929800F3C7BF /* Sources */,
				D243C7F823EB929800F3C7BF /* Frameworks */,
				D243C7F923EB929800F3C7BF /* CopyFiles */,
			);
			buildRules = (
			);
			dependencies = (
			);
			name = "IntervalAssignment-xcode";
			productName = "IntervalAssignment-xcode";
			productReference = D243C7FB23EB929800F3C7BF /* .. */;
			productType = "com.apple.product-type.tool";
		};
/* End PBXNativeTarget section */

/* Begin PBXProject section */
		D243C7F323EB929800F3C7BF /* Project object */ = {
			isa = PBXProject;
			attributes = {
				LastUpgradeCheck = 1000;
				ORGANIZATIONNAME = "Mitchell, Scott A";
				TargetAttributes = {
					D243C7FA23EB929800F3C7BF = {
						CreatedOnToolsVersion = 10.0;
					};
				};
			};
			buildConfigurationList = D243C7F623EB929800F3C7BF /* Build configuration list for PBXProject "IntervalAssignment-xcode" */;
			compatibilityVersion = "Xcode 9.3";
			developmentRegion = en;
			hasScannedForEncodings = 0;
			knownRegions = (
				en,
			);
			mainGroup = D243C7F223EB929800F3C7BF;
			productRefGroup = D243C7FC23EB929800F3C7BF /* Products */;
			projectDirPath = "";
			projectRoot = "";
			targets = (
				D243C7FA23EB929800F3C7BF /* IntervalAssignment-xcode */,
			);
		};
/* End PBXProject section */

/* Begin PBXSourcesBuildPhase section */
		D243C7F723EB929800F3C7BF /* Sources */ = {
			isa = PBXSourcesBuildPhase;
			buildActionMask = 2147483647;
			files = (
				D243C80C23EB92B700F3C7BF /* IA.cpp in Sources */,
				D243C80D23EB92B700F3C7BF /* IncrementalIntervalAssignment.cpp in Sources */,
				D243C81623EE465200F3C7BF /* CpuTimer.cpp in Sources */,
				D243C81923EE47F000F3C7BF /* IAResultImplementation.cpp in Sources */,
				D243C81B23F5FEB700F3C7BF /* test.cpp in Sources */,
				D2403A29240DD96D0074DD8B /* iia-cubit-autotest.cpp in Sources */,
				D2B6599123FCEA29009EBEAE /* IAQueue.cpp in Sources */,
			);
			runOnlyForDeploymentPostprocessing = 0;
		};
/* End PBXSourcesBuildPhase section */

/* Begin XCBuildConfiguration section */
		D243C80023EB929800F3C7BF /* Debug */ = {
			isa = XCBuildConfiguration;
			buildSettings = {
				ALWAYS_SEARCH_USER_PATHS = NO;
				CLANG_ANALYZER_NONNULL = YES;
				CLANG_ANALYZER_NUMBER_OBJECT_CONVERSION = YES_AGGRESSIVE;
				CLANG_CXX_LANGUAGE_STANDARD = "gnu++14";
				CLANG_CXX_LIBRARY = "libc++";
				CLANG_ENABLE_MODULES = YES;
				CLANG_ENABLE_OBJC_ARC = YES;
				CLANG_ENABLE_OBJC_WEAK = YES;
				CLANG_WARN_BLOCK_CAPTURE_AUTORELEASING = YES;
				CLANG_WARN_BOOL_CONVERSION = YES;
				CLANG_WARN_COMMA = YES;
				CLANG_WARN_CONSTANT_CONVERSION = YES;
				CLANG_WARN_DEPRECATED_OBJC_IMPLEMENTATIONS = YES;
				CLANG_WARN_DIRECT_OBJC_ISA_USAGE = YES_ERROR;
				CLANG_WARN_DOCUMENTATION_COMMENTS = YES;
				CLANG_WARN_EMPTY_BODY = YES;
				CLANG_WARN_ENUM_CONVERSION = YES;
				CLANG_WARN_INFINITE_RECURSION = YES;
				CLANG_WARN_INT_CONVERSION = YES;
				CLANG_WARN_NON_LITERAL_NULL_CONVERSION = YES;
				CLANG_WARN_OBJC_IMPLICIT_RETAIN_SELF = YES;
				CLANG_WARN_OBJC_LITERAL_CONVERSION = YES;
				CLANG_WARN_OBJC_ROOT_CLASS = YES_ERROR;
				CLANG_WARN_RANGE_LOOP_ANALYSIS = YES;
				CLANG_WARN_STRICT_PROTOTYPES = YES;
				CLANG_WARN_SUSPICIOUS_MOVE = YES;
				CLANG_WARN_UNGUARDED_AVAILABILITY = YES_AGGRESSIVE;
				CLANG_WARN_UNREACHABLE_CODE = YES;
				CLANG_WARN__DUPLICATE_METHOD_MATCH = YES;
				CODE_SIGN_IDENTITY = "-";
				COPY_PHASE_STRIP = NO;
				DEBUG_INFORMATION_FORMAT = dwarf;
				ENABLE_STRICT_OBJC_MSGSEND = YES;
				ENABLE_TESTABILITY = YES;
				GCC_C_LANGUAGE_STANDARD = gnu11;
				GCC_DYNAMIC_NO_PIC = NO;
				GCC_NO_COMMON_BLOCKS = YES;
				GCC_OPTIMIZATION_LEVEL = 0;
				GCC_PREPROCESSOR_DEFINITIONS = (
					"DEBUG=1",
					"$(inherited)",
				);
				GCC_WARN_64_TO_32_BIT_CONVERSION = YES;
				GCC_WARN_ABOUT_RETURN_TYPE = YES_ERROR;
				GCC_WARN_UNDECLARED_SELECTOR = YES;
				GCC_WARN_UNINITIALIZED_AUTOS = YES_AGGRESSIVE;
				GCC_WARN_UNUSED_FUNCTION = YES;
				GCC_WARN_UNUSED_VARIABLE = YES;
				MACOSX_DEPLOYMENT_TARGET = 10.14;
				MTL_ENABLE_DEBUG_INFO = INCLUDE_SOURCE;
				MTL_FAST_MATH = YES;
				ONLY_ACTIVE_ARCH = YES;
				SDKROOT = macosx;
			};
			name = Debug;
		};
		D243C80123EB929800F3C7BF /* Release */ = {
			isa = XCBuildConfiguration;
			buildSettings = {
				ALWAYS_SEARCH_USER_PATHS = NO;
				CLANG_ANALYZER_NONNULL = YES;
				CLANG_ANALYZER_NUMBER_OBJECT_CONVERSION = YES_AGGRESSIVE;
				CLANG_CXX_LANGUAGE_STANDARD = "gnu++14";
				CLANG_CXX_LIBRARY = "libc++";
				CLANG_ENABLE_MODULES = YES;
				CLANG_ENABLE_OBJC_ARC = YES;
				CLANG_ENABLE_OBJC_WEAK = YES;
				CLANG_WARN_BLOCK_CAPTURE_AUTORELEASING = YES;
				CLANG_WARN_BOOL_CONVERSION = YES;
				CLANG_WARN_COMMA = YES;
				CLANG_WARN_CONSTANT_CONVERSION = YES;
				CLANG_WARN_DEPRECATED_OBJC_IMPLEMENTATIONS = YES;
				CLANG_WARN_DIRECT_OBJC_ISA_USAGE = YES_ERROR;
				CLANG_WARN_DOCUMENTATION_COMMENTS = YES;
				CLANG_WARN_EMPTY_BODY = YES;
				CLANG_WARN_ENUM_CONVERSION = YES;
				CLANG_WARN_INFINITE_RECURSION = YES;
				CLANG_WARN_INT_CONVERSION = YES;
				CLANG_WARN_NON_LITERAL_NULL_CONVERSION = YES;
				CLANG_WARN_OBJC_IMPLICIT_RETAIN_SELF = YES;
				CLANG_WARN_OBJC_LITERAL_CONVERSION = YES;
				CLANG_WARN_OBJC_ROOT_CLASS = YES_ERROR;
				CLANG_WARN_RANGE_LOOP_ANALYSIS = YES;
				CLANG_WARN_STRICT_PROTOTYPES = YES;
				CLANG_WARN_SUSPICIOUS_MOVE = YES;
				CLANG_WARN_UNGUARDED_AVAILABILITY = YES_AGGRESSIVE;
				CLANG_WARN_UNREACHABLE_CODE = YES;
				CLANG_WARN__DUPLICATE_METHOD_MATCH = YES;
				CODE_SIGN_IDENTITY = "-";
				COPY_PHASE_STRIP = NO;
				DEBUG_INFORMATION_FORMAT = "dwarf-with-dsym";
				ENABLE_NS_ASSERTIONS = NO;
				ENABLE_STRICT_OBJC_MSGSEND = YES;
				GCC_C_LANGUAGE_STANDARD = gnu11;
				GCC_NO_COMMON_BLOCKS = YES;
				GCC_WARN_64_TO_32_BIT_CONVERSION = YES;
				GCC_WARN_ABOUT_RETURN_TYPE = YES_ERROR;
				GCC_WARN_UNDECLARED_SELECTOR = YES;
				GCC_WARN_UNINITIALIZED_AUTOS = YES_AGGRESSIVE;
				GCC_WARN_UNUSED_FUNCTION = YES;
				GCC_WARN_UNUSED_VARIABLE = YES;
				MACOSX_DEPLOYMENT_TARGET = 10.14;
				MTL_ENABLE_DEBUG_INFO = NO;
				MTL_FAST_MATH = YES;
				SDKROOT = macosx;
			};
			name = Release;
		};
		D243C80323EB929800F3C7BF /* Debug */ = {
			isa = XCBuildConfiguration;
			buildSettings = {
				CODE_SIGN_STYLE = Automatic;
				PRODUCT_NAME = "$(TARGET_NAME)";
			};
			name = Debug;
		};
		D243C80423EB929800F3C7BF /* Release */ = {
			isa = XCBuildConfiguration;
			buildSettings = {
				CODE_SIGN_STYLE = Automatic;
				PRODUCT_NAME = "$(TARGET_NAME)";
			};
			name = Release;
		};
/* End XCBuildConfiguration section */

/* Begin XCConfigurationList section */
		D243C7F623EB929800F3C7BF /* Build configuration list for PBXProject "IntervalAssignment-xcode" */ = {
			isa = XCConfigurationList;
			buildConfigurations = (
				D243C80023EB929800F3C7BF /* Debug */,
				D243C80123EB929800F3C7BF /* Release */,
			);
			defaultConfigurationIsVisible = 0;
			defaultConfigurationName = Release;
		};
		D243C80223EB929800F3C7BF /* Build configuration list for PBXNativeTarget "IntervalAssignment-xcode" */ = {
			isa = XCConfigurationList;
			buildConfigurations = (
				D243C80323EB929800F3C7BF /* Debug */,
				D243C80423EB929800F3C7BF /* Release */,
			);
			defaultConfigurationIsVisible = 0;
			defaultConfigurationName = Release;
		};
/* End XCConfigurationList section */
	};
	rootObject = D243C7F323EB929800F3C7BF /* Project object */;
}
